
Microsoft Visual Studio Solution File, Format Version 12.00
Project("{FAE04EC0-301F-11D3-BF4B-00C04F79EFBC}") = "HelloWorld", "hello-world\HelloWorld.csproj", "{62202DF1-5E25-4DE0-BC92-59C018BF5E13}"
EndProject
Project("{FAE04EC0-301F-11D3-BF4B-00C04F79EFBC}") = "Pangram", "pangram\Pangram.csproj", "{30C54C84-FDF4-4650-BF01-5B822FD422E3}"
EndProject
Project("{FAE04EC0-301F-11D3-BF4B-00C04F79EFBC}") = "TwoFer", "two-fer\TwoFer.csproj", "{077FB6E8-FF12-405E-BD9F-937ED4DEB5A6}"
EndProject
Project("{FAE04EC0-301F-11D3-BF4B-00C04F79EFBC}") = "Isogram", "isogram\Isogram.csproj", "{A3710444-D04D-487B-9B36-D246FE9EE654}"
EndProject
Project("{FAE04EC0-301F-11D3-BF4B-00C04F79EFBC}") = "Acronym", "acronym\Acronym.csproj", "{EBA91FF5-F883-4237-870A-06BFF76F82F6}"
EndProject
Project("{FAE04EC0-301F-11D3-BF4B-00C04F79EFBC}") = "ReverseString", "reverse-string\ReverseString.csproj", "{3C877223-63A5-464E-B399-A86B1081CE18}"
EndProject
Project("{FAE04EC0-301F-11D3-BF4B-00C04F79EFBC}") = "Leap", "leap\Leap.csproj", "{E94FA3A5-E11D-48C0-BD80-E02CF87A39D2}"
EndProject
Project("{FAE04EC0-301F-11D3-BF4B-00C04F79EFBC}") = "Grains", "grains\Grains.csproj", "{928A2445-19D8-49F8-B377-8A5F4E103655}"
EndProject
Project("{FAE04EC0-301F-11D3-BF4B-00C04F79EFBC}") = "RnaTranscription", "rna-transcription\RnaTranscription.csproj", "{21E22D59-ACC7-418B-9C8A-6BDCD8E0BFDA}"
EndProject
Global
	GlobalSection(SolutionConfigurationPlatforms) = preSolution
		Debug|Any CPU = Debug|Any CPU
		Release|Any CPU = Release|Any CPU
	EndGlobalSection
	GlobalSection(ProjectConfigurationPlatforms) = postSolution
		{62202DF1-5E25-4DE0-BC92-59C018BF5E13}.Debug|Any CPU.ActiveCfg = Debug|Any CPU
		{62202DF1-5E25-4DE0-BC92-59C018BF5E13}.Debug|Any CPU.Build.0 = Debug|Any CPU
		{62202DF1-5E25-4DE0-BC92-59C018BF5E13}.Release|Any CPU.ActiveCfg = Release|Any CPU
		{62202DF1-5E25-4DE0-BC92-59C018BF5E13}.Release|Any CPU.Build.0 = Release|Any CPU
		{30C54C84-FDF4-4650-BF01-5B822FD422E3}.Debug|Any CPU.ActiveCfg = Debug|Any CPU
		{30C54C84-FDF4-4650-BF01-5B822FD422E3}.Debug|Any CPU.Build.0 = Debug|Any CPU
		{30C54C84-FDF4-4650-BF01-5B822FD422E3}.Release|Any CPU.ActiveCfg = Release|Any CPU
		{30C54C84-FDF4-4650-BF01-5B822FD422E3}.Release|Any CPU.Build.0 = Release|Any CPU
		{077FB6E8-FF12-405E-BD9F-937ED4DEB5A6}.Debug|Any CPU.ActiveCfg = Debug|Any CPU
		{077FB6E8-FF12-405E-BD9F-937ED4DEB5A6}.Debug|Any CPU.Build.0 = Debug|Any CPU
		{077FB6E8-FF12-405E-BD9F-937ED4DEB5A6}.Release|Any CPU.ActiveCfg = Release|Any CPU
		{077FB6E8-FF12-405E-BD9F-937ED4DEB5A6}.Release|Any CPU.Build.0 = Release|Any CPU
		{A3710444-D04D-487B-9B36-D246FE9EE654}.Debug|Any CPU.ActiveCfg = Debug|Any CPU
		{A3710444-D04D-487B-9B36-D246FE9EE654}.Debug|Any CPU.Build.0 = Debug|Any CPU
		{A3710444-D04D-487B-9B36-D246FE9EE654}.Release|Any CPU.ActiveCfg = Release|Any CPU
		{A3710444-D04D-487B-9B36-D246FE9EE654}.Release|Any CPU.Build.0 = Release|Any CPU
		{EBA91FF5-F883-4237-870A-06BFF76F82F6}.Debug|Any CPU.ActiveCfg = Debug|Any CPU
		{EBA91FF5-F883-4237-870A-06BFF76F82F6}.Debug|Any CPU.Build.0 = Debug|Any CPU
		{EBA91FF5-F883-4237-870A-06BFF76F82F6}.Release|Any CPU.ActiveCfg = Release|Any CPU
		{EBA91FF5-F883-4237-870A-06BFF76F82F6}.Release|Any CPU.Build.0 = Release|Any CPU
		{3C877223-63A5-464E-B399-A86B1081CE18}.Debug|Any CPU.ActiveCfg = Debug|Any CPU
		{3C877223-63A5-464E-B399-A86B1081CE18}.Debug|Any CPU.Build.0 = Debug|Any CPU
		{3C877223-63A5-464E-B399-A86B1081CE18}.Release|Any CPU.ActiveCfg = Release|Any CPU
		{3C877223-63A5-464E-B399-A86B1081CE18}.Release|Any CPU.Build.0 = Release|Any CPU
		{E94FA3A5-E11D-48C0-BD80-E02CF87A39D2}.Debug|Any CPU.ActiveCfg = Debug|Any CPU
		{E94FA3A5-E11D-48C0-BD80-E02CF87A39D2}.Debug|Any CPU.Build.0 = Debug|Any CPU
		{E94FA3A5-E11D-48C0-BD80-E02CF87A39D2}.Release|Any CPU.ActiveCfg = Release|Any CPU
		{E94FA3A5-E11D-48C0-BD80-E02CF87A39D2}.Release|Any CPU.Build.0 = Release|Any CPU
		{928A2445-19D8-49F8-B377-8A5F4E103655}.Debug|Any CPU.ActiveCfg = Debug|Any CPU
		{928A2445-19D8-49F8-B377-8A5F4E103655}.Debug|Any CPU.Build.0 = Debug|Any CPU
		{928A2445-19D8-49F8-B377-8A5F4E103655}.Release|Any CPU.ActiveCfg = Release|Any CPU
		{928A2445-19D8-49F8-B377-8A5F4E103655}.Release|Any CPU.Build.0 = Release|Any CPU
		{21E22D59-ACC7-418B-9C8A-6BDCD8E0BFDA}.Debug|Any CPU.ActiveCfg = Debug|Any CPU
		{21E22D59-ACC7-418B-9C8A-6BDCD8E0BFDA}.Debug|Any CPU.Build.0 = Debug|Any CPU
		{21E22D59-ACC7-418B-9C8A-6BDCD8E0BFDA}.Release|Any CPU.ActiveCfg = Release|Any CPU
		{21E22D59-ACC7-418B-9C8A-6BDCD8E0BFDA}.Release|Any CPU.Build.0 = Release|Any CPU
	EndGlobalSection
EndGlobal
